
Microsoft Visual Studio Solution File, Format Version 12.00
# Visual Studio Version 17
VisualStudioVersion = 17.4.33110.190
MinimumVisualStudioVersion = 10.0.40219.1
Project("{9A19103F-16F7-4668-BE54-9A1E7A4F7556}") = "EightQueens", "EightQueens\EightQueens.csproj", "{35BB2C8A-B95F-465A-8E97-66B650168E5C}"
EndProject
Global
	GlobalSection(SolutionConfigurationPlatforms) = preSolution
		Debug|Any CPU = Debug|Any CPU
		Release|Any CPU = Release|Any CPU
	EndGlobalSection
	GlobalSection(ProjectConfigurationPlatforms) = postSolution
		{35BB2C8A-B95F-465A-8E97-66B650168E5C}.Debug|Any CPU.ActiveCfg = Debug|Any CPU
		{35BB2C8A-B95F-465A-8E97-66B650168E5C}.Debug|Any CPU.Build.0 = Debug|Any CPU
		{35BB2C8A-B95F-465A-8E97-66B650168E5C}.Release|Any CPU.ActiveCfg = Release|Any CPU
		{35BB2C8A-B95F-465A-8E97-66B650168E5C}.Release|Any CPU.Build.0 = Release|Any CPU
	EndGlobalSection
	GlobalSection(SolutionProperties) = preSolution
		HideSolutionNode = FALSE
	EndGlobalSection
	GlobalSection(ExtensibilityGlobals) = postSolution
		SolutionGuid = {3C04B736-0268-476F-A757-E69A4443ED0C}
	EndGlobalSection
EndGlobal
